
Microsoft Visual Studio Solution File, Format Version 12.00
# Visual Studio 15
VisualStudioVersion = 15.0.26124.0
MinimumVisualStudioVersion = 15.0.26124.0
Project("{FAE04EC0-301F-11D3-BF4B-00C04F79EFBC}") = "Domain", "Domain\Domain.csproj", "{2CB8A2C9-513F-4EED-9AA9-239283776FD0}"
EndProject
Project("{FAE04EC0-301F-11D3-BF4B-00C04F79EFBC}") = "Application", "Application\Application.csproj", "{66135CC1-AD53-4C85-A983-1D85A309E89F}"
EndProject
Project("{FAE04EC0-301F-11D3-BF4B-00C04F79EFBC}") = "Persistence", "Persistence\Persistence.csproj", "{622185C0-959F-4DBA-8054-5165CEC8D04F}"
EndProject
Project("{FAE04EC0-301F-11D3-BF4B-00C04F79EFBC}") = "API", "API\API.csproj", "{4E56DBEF-58F4-4423-AF92-3A656D0251B6}"
EndProject
Global
	GlobalSection(SolutionConfigurationPlatforms) = preSolution
		Debug|Any CPU = Debug|Any CPU
		Debug|x64 = Debug|x64
		Debug|x86 = Debug|x86
		Release|Any CPU = Release|Any CPU
		Release|x64 = Release|x64
		Release|x86 = Release|x86
	EndGlobalSection
	GlobalSection(SolutionProperties) = preSolution
		HideSolutionNode = FALSE
	EndGlobalSection
	GlobalSection(ProjectConfigurationPlatforms) = postSolution
		{2CB8A2C9-513F-4EED-9AA9-239283776FD0}.Debug|Any CPU.ActiveCfg = Debug|Any CPU
		{2CB8A2C9-513F-4EED-9AA9-239283776FD0}.Debug|Any CPU.Build.0 = Debug|Any CPU
		{2CB8A2C9-513F-4EED-9AA9-239283776FD0}.Debug|x64.ActiveCfg = Debug|Any CPU
		{2CB8A2C9-513F-4EED-9AA9-239283776FD0}.Debug|x64.Build.0 = Debug|Any CPU
		{2CB8A2C9-513F-4EED-9AA9-239283776FD0}.Debug|x86.ActiveCfg = Debug|Any CPU
		{2CB8A2C9-513F-4EED-9AA9-239283776FD0}.Debug|x86.Build.0 = Debug|Any CPU
		{2CB8A2C9-513F-4EED-9AA9-239283776FD0}.Release|Any CPU.ActiveCfg = Release|Any CPU
		{2CB8A2C9-513F-4EED-9AA9-239283776FD0}.Release|Any CPU.Build.0 = Release|Any CPU
		{2CB8A2C9-513F-4EED-9AA9-239283776FD0}.Release|x64.ActiveCfg = Release|Any CPU
		{2CB8A2C9-513F-4EED-9AA9-239283776FD0}.Release|x64.Build.0 = Release|Any CPU
		{2CB8A2C9-513F-4EED-9AA9-239283776FD0}.Release|x86.ActiveCfg = Release|Any CPU
		{2CB8A2C9-513F-4EED-9AA9-239283776FD0}.Release|x86.Build.0 = Release|Any CPU
		{66135CC1-AD53-4C85-A983-1D85A309E89F}.Debug|Any CPU.ActiveCfg = Debug|Any CPU
		{66135CC1-AD53-4C85-A983-1D85A309E89F}.Debug|Any CPU.Build.0 = Debug|Any CPU
		{66135CC1-AD53-4C85-A983-1D85A309E89F}.Debug|x64.ActiveCfg = Debug|Any CPU
		{66135CC1-AD53-4C85-A983-1D85A309E89F}.Debug|x64.Build.0 = Debug|Any CPU
		{66135CC1-AD53-4C85-A983-1D85A309E89F}.Debug|x86.ActiveCfg = Debug|Any CPU
		{66135CC1-AD53-4C85-A983-1D85A309E89F}.Debug|x86.Build.0 = Debug|Any CPU
		{66135CC1-AD53-4C85-A983-1D85A309E89F}.Release|Any CPU.ActiveCfg = Release|Any CPU
		{66135CC1-AD53-4C85-A983-1D85A309E89F}.Release|Any CPU.Build.0 = Release|Any CPU
		{66135CC1-AD53-4C85-A983-1D85A309E89F}.Release|x64.ActiveCfg = Release|Any CPU
		{66135CC1-AD53-4C85-A983-1D85A309E89F}.Release|x64.Build.0 = Release|Any CPU
		{66135CC1-AD53-4C85-A983-1D85A309E89F}.Release|x86.ActiveCfg = Release|Any CPU
		{66135CC1-AD53-4C85-A983-1D85A309E89F}.Release|x86.Build.0 = Release|Any CPU
		{622185C0-959F-4DBA-8054-5165CEC8D04F}.Debug|Any CPU.ActiveCfg = Debug|Any CPU
		{622185C0-959F-4DBA-8054-5165CEC8D04F}.Debug|Any CPU.Build.0 = Debug|Any CPU
		{622185C0-959F-4DBA-8054-5165CEC8D04F}.Debug|x64.ActiveCfg = Debug|Any CPU
		{622185C0-959F-4DBA-8054-5165CEC8D04F}.Debug|x64.Build.0 = Debug|Any CPU
		{622185C0-959F-4DBA-8054-5165CEC8D04F}.Debug|x86.ActiveCfg = Debug|Any CPU
		{622185C0-959F-4DBA-8054-5165CEC8D04F}.Debug|x86.Build.0 = Debug|Any CPU
		{622185C0-959F-4DBA-8054-5165CEC8D04F}.Release|Any CPU.ActiveCfg = Release|Any CPU
		{622185C0-959F-4DBA-8054-5165CEC8D04F}.Release|Any CPU.Build.0 = Release|Any CPU
		{622185C0-959F-4DBA-8054-5165CEC8D04F}.Release|x64.ActiveCfg = Release|Any CPU
		{622185C0-959F-4DBA-8054-5165CEC8D04F}.Release|x64.Build.0 = Release|Any CPU
		{622185C0-959F-4DBA-8054-5165CEC8D04F}.Release|x86.ActiveCfg = Release|Any CPU
		{622185C0-959F-4DBA-8054-5165CEC8D04F}.Release|x86.Build.0 = Release|Any CPU
		{4E56DBEF-58F4-4423-AF92-3A656D0251B6}.Debug|Any CPU.ActiveCfg = Debug|Any CPU
		{4E56DBEF-58F4-4423-AF92-3A656D0251B6}.Debug|Any CPU.Build.0 = Debug|Any CPU
		{4E56DBEF-58F4-4423-AF92-3A656D0251B6}.Debug|x64.ActiveCfg = Debug|Any CPU
		{4E56DBEF-58F4-4423-AF92-3A656D0251B6}.Debug|x64.Build.0 = Debug|Any CPU
		{4E56DBEF-58F4-4423-AF92-3A656D0251B6}.Debug|x86.ActiveCfg = Debug|Any CPU
		{4E56DBEF-58F4-4423-AF92-3A656D0251B6}.Debug|x86.Build.0 = Debug|Any CPU
		{4E56DBEF-58F4-4423-AF92-3A656D0251B6}.Release|Any CPU.ActiveCfg = Release|Any CPU
		{4E56DBEF-58F4-4423-AF92-3A656D0251B6}.Release|Any CPU.Build.0 = Release|Any CPU
		{4E56DBEF-58F4-4423-AF92-3A656D0251B6}.Release|x64.ActiveCfg = Release|Any CPU
		{4E56DBEF-58F4-4423-AF92-3A656D0251B6}.Release|x64.Build.0 = Release|Any CPU
		{4E56DBEF-58F4-4423-AF92-3A656D0251B6}.Release|x86.ActiveCfg = Release|Any CPU
		{4E56DBEF-58F4-4423-AF92-3A656D0251B6}.Release|x86.Build.0 = Release|Any CPU
	EndGlobalSection
EndGlobal
