
Microsoft Visual Studio Solution File, Format Version 12.00
# Visual Studio 15
VisualStudioVersion = 15.0.26124.0
MinimumVisualStudioVersion = 15.0.26124.0
Project("{FAE04EC0-301F-11D3-BF4B-00C04F79EFBC}") = "Domain", "Domain\Domain.csproj", "{BD9D4ED3-C2F3-4B23-A123-B120F0DF50B5}"
EndProject
Project("{FAE04EC0-301F-11D3-BF4B-00C04F79EFBC}") = "Application", "Application\Application.csproj", "{DF4C927D-2788-4360-8B39-77182EA60D7C}"
EndProject
Project("{FAE04EC0-301F-11D3-BF4B-00C04F79EFBC}") = "Persistence", "Persistence\Persistence.csproj", "{C928477E-7287-48EB-BF29-85BC9D64FC4E}"
EndProject
Project("{FAE04EC0-301F-11D3-BF4B-00C04F79EFBC}") = "API", "API\API.csproj", "{4627384D-3545-4E06-ADA1-C5CAE0FB80C9}"
EndProject
Global
	GlobalSection(SolutionConfigurationPlatforms) = preSolution
		Debug|Any CPU = Debug|Any CPU
		Debug|x64 = Debug|x64
		Debug|x86 = Debug|x86
		Release|Any CPU = Release|Any CPU
		Release|x64 = Release|x64
		Release|x86 = Release|x86
	EndGlobalSection
	GlobalSection(SolutionProperties) = preSolution
		HideSolutionNode = FALSE
	EndGlobalSection
	GlobalSection(ProjectConfigurationPlatforms) = postSolution
		{BD9D4ED3-C2F3-4B23-A123-B120F0DF50B5}.Debug|Any CPU.ActiveCfg = Debug|Any CPU
		{BD9D4ED3-C2F3-4B23-A123-B120F0DF50B5}.Debug|Any CPU.Build.0 = Debug|Any CPU
		{BD9D4ED3-C2F3-4B23-A123-B120F0DF50B5}.Debug|x64.ActiveCfg = Debug|Any CPU
		{BD9D4ED3-C2F3-4B23-A123-B120F0DF50B5}.Debug|x64.Build.0 = Debug|Any CPU
		{BD9D4ED3-C2F3-4B23-A123-B120F0DF50B5}.Debug|x86.ActiveCfg = Debug|Any CPU
		{BD9D4ED3-C2F3-4B23-A123-B120F0DF50B5}.Debug|x86.Build.0 = Debug|Any CPU
		{BD9D4ED3-C2F3-4B23-A123-B120F0DF50B5}.Release|Any CPU.ActiveCfg = Release|Any CPU
		{BD9D4ED3-C2F3-4B23-A123-B120F0DF50B5}.Release|Any CPU.Build.0 = Release|Any CPU
		{BD9D4ED3-C2F3-4B23-A123-B120F0DF50B5}.Release|x64.ActiveCfg = Release|Any CPU
		{BD9D4ED3-C2F3-4B23-A123-B120F0DF50B5}.Release|x64.Build.0 = Release|Any CPU
		{BD9D4ED3-C2F3-4B23-A123-B120F0DF50B5}.Release|x86.ActiveCfg = Release|Any CPU
		{BD9D4ED3-C2F3-4B23-A123-B120F0DF50B5}.Release|x86.Build.0 = Release|Any CPU
		{DF4C927D-2788-4360-8B39-77182EA60D7C}.Debug|Any CPU.ActiveCfg = Debug|Any CPU
		{DF4C927D-2788-4360-8B39-77182EA60D7C}.Debug|Any CPU.Build.0 = Debug|Any CPU
		{DF4C927D-2788-4360-8B39-77182EA60D7C}.Debug|x64.ActiveCfg = Debug|Any CPU
		{DF4C927D-2788-4360-8B39-77182EA60D7C}.Debug|x64.Build.0 = Debug|Any CPU
		{DF4C927D-2788-4360-8B39-77182EA60D7C}.Debug|x86.ActiveCfg = Debug|Any CPU
		{DF4C927D-2788-4360-8B39-77182EA60D7C}.Debug|x86.Build.0 = Debug|Any CPU
		{DF4C927D-2788-4360-8B39-77182EA60D7C}.Release|Any CPU.ActiveCfg = Release|Any CPU
		{DF4C927D-2788-4360-8B39-77182EA60D7C}.Release|Any CPU.Build.0 = Release|Any CPU
		{DF4C927D-2788-4360-8B39-77182EA60D7C}.Release|x64.ActiveCfg = Release|Any CPU
		{DF4C927D-2788-4360-8B39-77182EA60D7C}.Release|x64.Build.0 = Release|Any CPU
		{DF4C927D-2788-4360-8B39-77182EA60D7C}.Release|x86.ActiveCfg = Release|Any CPU
		{DF4C927D-2788-4360-8B39-77182EA60D7C}.Release|x86.Build.0 = Release|Any CPU
		{C928477E-7287-48EB-BF29-85BC9D64FC4E}.Debug|Any CPU.ActiveCfg = Debug|Any CPU
		{C928477E-7287-48EB-BF29-85BC9D64FC4E}.Debug|Any CPU.Build.0 = Debug|Any CPU
		{C928477E-7287-48EB-BF29-85BC9D64FC4E}.Debug|x64.ActiveCfg = Debug|Any CPU
		{C928477E-7287-48EB-BF29-85BC9D64FC4E}.Debug|x64.Build.0 = Debug|Any CPU
		{C928477E-7287-48EB-BF29-85BC9D64FC4E}.Debug|x86.ActiveCfg = Debug|Any CPU
		{C928477E-7287-48EB-BF29-85BC9D64FC4E}.Debug|x86.Build.0 = Debug|Any CPU
		{C928477E-7287-48EB-BF29-85BC9D64FC4E}.Release|Any CPU.ActiveCfg = Release|Any CPU
		{C928477E-7287-48EB-BF29-85BC9D64FC4E}.Release|Any CPU.Build.0 = Release|Any CPU
		{C928477E-7287-48EB-BF29-85BC9D64FC4E}.Release|x64.ActiveCfg = Release|Any CPU
		{C928477E-7287-48EB-BF29-85BC9D64FC4E}.Release|x64.Build.0 = Release|Any CPU
		{C928477E-7287-48EB-BF29-85BC9D64FC4E}.Release|x86.ActiveCfg = Release|Any CPU
		{C928477E-7287-48EB-BF29-85BC9D64FC4E}.Release|x86.Build.0 = Release|Any CPU
		{4627384D-3545-4E06-ADA1-C5CAE0FB80C9}.Debug|Any CPU.ActiveCfg = Debug|Any CPU
		{4627384D-3545-4E06-ADA1-C5CAE0FB80C9}.Debug|Any CPU.Build.0 = Debug|Any CPU
		{4627384D-3545-4E06-ADA1-C5CAE0FB80C9}.Debug|x64.ActiveCfg = Debug|Any CPU
		{4627384D-3545-4E06-ADA1-C5CAE0FB80C9}.Debug|x64.Build.0 = Debug|Any CPU
		{4627384D-3545-4E06-ADA1-C5CAE0FB80C9}.Debug|x86.ActiveCfg = Debug|Any CPU
		{4627384D-3545-4E06-ADA1-C5CAE0FB80C9}.Debug|x86.Build.0 = Debug|Any CPU
		{4627384D-3545-4E06-ADA1-C5CAE0FB80C9}.Release|Any CPU.ActiveCfg = Release|Any CPU
		{4627384D-3545-4E06-ADA1-C5CAE0FB80C9}.Release|Any CPU.Build.0 = Release|Any CPU
		{4627384D-3545-4E06-ADA1-C5CAE0FB80C9}.Release|x64.ActiveCfg = Release|Any CPU
		{4627384D-3545-4E06-ADA1-C5CAE0FB80C9}.Release|x64.Build.0 = Release|Any CPU
		{4627384D-3545-4E06-ADA1-C5CAE0FB80C9}.Release|x86.ActiveCfg = Release|Any CPU
		{4627384D-3545-4E06-ADA1-C5CAE0FB80C9}.Release|x86.Build.0 = Release|Any CPU
	EndGlobalSection
EndGlobal
